// !$*UTF8*$!
{
	archiveVersion = 1;
	classes = {
	};
	objectVersion = 46;
	objects = {

/* Begin PBXBuildFile section */
		4BFF32B282ABE1EEFE1FB4F2 /* Pods_RNTravels.framework in Frameworks */ = {isa = PBXBuildFile; fileRef = E4474B48A6F70FD95CAB39AC /* Pods_RNTravels.framework */; };
		B4380B60222BF5550005B789 /* RNImageLabelView.swift in Sources */ = {isa = PBXBuildFile; fileRef = B4380B5F222BF5550005B789 /* RNImageLabelView.swift */; };
		B4380B67222C57770005B789 /* UserProfileVO.swift in Sources */ = {isa = PBXBuildFile; fileRef = B4380B66222C57770005B789 /* UserProfileVO.swift */; };
		B46C5F7C221DBE22001B3163 /* AppDelegate.swift in Sources */ = {isa = PBXBuildFile; fileRef = B46C5F7B221DBE22001B3163 /* AppDelegate.swift */; };
		B46C5F81221DBE22001B3163 /* Main.storyboard in Resources */ = {isa = PBXBuildFile; fileRef = B46C5F7F221DBE22001B3163 /* Main.storyboard */; };
		B46C5F84221DBE22001B3163 /* RNTravels.xcdatamodeld in Sources */ = {isa = PBXBuildFile; fileRef = B46C5F82221DBE22001B3163 /* RNTravels.xcdatamodeld */; };
		B46C5F86221DBE22001B3163 /* Assets.xcassets in Resources */ = {isa = PBXBuildFile; fileRef = B46C5F85221DBE22001B3163 /* Assets.xcassets */; };
		B46C5F89221DBE22001B3163 /* LaunchScreen.storyboard in Resources */ = {isa = PBXBuildFile; fileRef = B46C5F87221DBE22001B3163 /* LaunchScreen.storyboard */; };
		B46C5F95221DBEBA001B3163 /* BaseViewController.swift in Sources */ = {isa = PBXBuildFile; fileRef = B46C5F94221DBEBA001B3163 /* BaseViewController.swift */; };
		B46C5F97221DBEFB001B3163 /* LoginViewController.swift in Sources */ = {isa = PBXBuildFile; fileRef = B46C5F96221DBEFB001B3163 /* LoginViewController.swift */; };
		B46C5F9B221E3E81001B3163 /* DashboardViewController.swift in Sources */ = {isa = PBXBuildFile; fileRef = B46C5F9A221E3E81001B3163 /* DashboardViewController.swift */; };
		B46C5F9D221F10F0001B3163 /* SignUpViewController.swift in Sources */ = {isa = PBXBuildFile; fileRef = B46C5F9C221F10F0001B3163 /* SignUpViewController.swift */; };
		B46C5FA0221F798C001B3163 /* NetworkContants.swift in Sources */ = {isa = PBXBuildFile; fileRef = B46C5F9F221F798C001B3163 /* NetworkContants.swift */; };
		B49F9DCA22415FE700BF8804 /* MViewController.swift in Sources */ = {isa = PBXBuildFile; fileRef = B49F9DC922415FE700BF8804 /* MViewController.swift */; };
		B4CA3523223E8594005D094E /* NotificationViewController.swift in Sources */ = {isa = PBXBuildFile; fileRef = B4CA3522223E8594005D094E /* NotificationViewController.swift */; };
		B4CA3525223E9AAF005D094E /* ProfileViewController.swift in Sources */ = {isa = PBXBuildFile; fileRef = B4CA3524223E9AAF005D094E /* ProfileViewController.swift */; };
		B4CA3527223E9B34005D094E /* ContactInfoViewController.swift in Sources */ = {isa = PBXBuildFile; fileRef = B4CA3526223E9B34005D094E /* ContactInfoViewController.swift */; };
		B4CA3529223E9C7F005D094E /* GTranslateViewController.swift in Sources */ = {isa = PBXBuildFile; fileRef = B4CA3528223E9C7F005D094E /* GTranslateViewController.swift */; };
		B4CA352B223E9C96005D094E /* ConversionViewController.swift in Sources */ = {isa = PBXBuildFile; fileRef = B4CA352A223E9C96005D094E /* ConversionViewController.swift */; };
		B4CA352D223E9CA8005D094E /* PasswordViewController.swift in Sources */ = {isa = PBXBuildFile; fileRef = B4CA352C223E9CA8005D094E /* PasswordViewController.swift */; };
		B4CA352F223F3896005D094E /* EmergencyViewController.swift in Sources */ = {isa = PBXBuildFile; fileRef = B4CA352E223F3896005D094E /* EmergencyViewController.swift */; };
		B4EE043E222472C3004724F5 /* DashboardCollectionViewCell.swift in Sources */ = {isa = PBXBuildFile; fileRef = B4EE043D222472C3004724F5 /* DashboardCollectionViewCell.swift */; };
		B4EE0440222480DC004724F5 /* PackageTableViewCell.swift in Sources */ = {isa = PBXBuildFile; fileRef = B4EE043F222480DC004724F5 /* PackageTableViewCell.swift */; };
		B4EE04422225BE2F004724F5 /* MainViewController.swift in Sources */ = {isa = PBXBuildFile; fileRef = B4EE04412225BE2F004724F5 /* MainViewController.swift */; };
		B4EE04442228CAAB004724F5 /* MenuViewController.swift in Sources */ = {isa = PBXBuildFile; fileRef = B4EE04432228CAAB004724F5 /* MenuViewController.swift */; };
		B4EE0446222A1958004724F5 /* DrawerMenuCellItem.swift in Sources */ = {isa = PBXBuildFile; fileRef = B4EE0445222A1958004724F5 /* DrawerMenuCellItem.swift */; };
		B4EE0448222B07EA004724F5 /* PackageDetailController.swift in Sources */ = {isa = PBXBuildFile; fileRef = B4EE0447222B07EA004724F5 /* PackageDetailController.swift */; };
/* End PBXBuildFile section */

/* Begin PBXFileReference section */
		038F19A635CE9A506C1ABC84 /* Pods-RNTravels.release.xcconfig */ = {isa = PBXFileReference; includeInIndex = 1; lastKnownFileType = text.xcconfig; name = "Pods-RNTravels.release.xcconfig"; path = "Target Support Files/Pods-RNTravels/Pods-RNTravels.release.xcconfig"; sourceTree = "<group>"; };
		59977987FC2DFE5C84451487 /* Pods-RNTravels.debug.xcconfig */ = {isa = PBXFileReference; includeInIndex = 1; lastKnownFileType = text.xcconfig; name = "Pods-RNTravels.debug.xcconfig"; path = "Target Support Files/Pods-RNTravels/Pods-RNTravels.debug.xcconfig"; sourceTree = "<group>"; };
		B4380B5F222BF5550005B789 /* RNImageLabelView.swift */ = {isa = PBXFileReference; lastKnownFileType = sourcecode.swift; path = RNImageLabelView.swift; sourceTree = "<group>"; };
		B4380B66222C57770005B789 /* UserProfileVO.swift */ = {isa = PBXFileReference; lastKnownFileType = sourcecode.swift; path = UserProfileVO.swift; sourceTree = "<group>"; };
		B46C5F78221DBE22001B3163 /* RNTravels.app */ = {isa = PBXFileReference; explicitFileType = wrapper.application; includeInIndex = 0; path = RNTravels.app; sourceTree = BUILT_PRODUCTS_DIR; };
		B46C5F7B221DBE22001B3163 /* AppDelegate.swift */ = {isa = PBXFileReference; lastKnownFileType = sourcecode.swift; path = AppDelegate.swift; sourceTree = "<group>"; };
		B46C5F80221DBE22001B3163 /* Base */ = {isa = PBXFileReference; lastKnownFileType = file.storyboard; name = Base; path = Base.lproj/Main.storyboard; sourceTree = "<group>"; };
		B46C5F83221DBE22001B3163 /* RNTravels.xcdatamodel */ = {isa = PBXFileReference; lastKnownFileType = wrapper.xcdatamodel; path = RNTravels.xcdatamodel; sourceTree = "<group>"; };
		B46C5F85221DBE22001B3163 /* Assets.xcassets */ = {isa = PBXFileReference; lastKnownFileType = folder.assetcatalog; path = Assets.xcassets; sourceTree = "<group>"; };
		B46C5F88221DBE22001B3163 /* Base */ = {isa = PBXFileReference; lastKnownFileType = file.storyboard; name = Base; path = Base.lproj/LaunchScreen.storyboard; sourceTree = "<group>"; };
		B46C5F8A221DBE22001B3163 /* Info.plist */ = {isa = PBXFileReference; lastKnownFileType = text.plist.xml; path = Info.plist; sourceTree = "<group>"; };
		B46C5F94221DBEBA001B3163 /* BaseViewController.swift */ = {isa = PBXFileReference; fileEncoding = 4; lastKnownFileType = sourcecode.swift; path = BaseViewController.swift; sourceTree = "<group>"; };
		B46C5F96221DBEFB001B3163 /* LoginViewController.swift */ = {isa = PBXFileReference; fileEncoding = 4; lastKnownFileType = sourcecode.swift; path = LoginViewController.swift; sourceTree = "<group>"; };
		B46C5F9A221E3E81001B3163 /* DashboardViewController.swift */ = {isa = PBXFileReference; fileEncoding = 4; lastKnownFileType = sourcecode.swift; path = DashboardViewController.swift; sourceTree = "<group>"; };
		B46C5F9C221F10F0001B3163 /* SignUpViewController.swift */ = {isa = PBXFileReference; fileEncoding = 4; lastKnownFileType = sourcecode.swift; path = SignUpViewController.swift; sourceTree = "<group>"; };
		B46C5F9F221F798C001B3163 /* NetworkContants.swift */ = {isa = PBXFileReference; fileEncoding = 4; lastKnownFileType = sourcecode.swift; path = NetworkContants.swift; sourceTree = "<group>"; };
		B49F9DC922415FE700BF8804 /* MViewController.swift */ = {isa = PBXFileReference; lastKnownFileType = sourcecode.swift; path = MViewController.swift; sourceTree = "<group>"; };
		B4CA3522223E8594005D094E /* NotificationViewController.swift */ = {isa = PBXFileReference; lastKnownFileType = sourcecode.swift; path = NotificationViewController.swift; sourceTree = "<group>"; };
		B4CA3524223E9AAF005D094E /* ProfileViewController.swift */ = {isa = PBXFileReference; lastKnownFileType = sourcecode.swift; path = ProfileViewController.swift; sourceTree = "<group>"; };
		B4CA3526223E9B34005D094E /* ContactInfoViewController.swift */ = {isa = PBXFileReference; lastKnownFileType = sourcecode.swift; path = ContactInfoViewController.swift; sourceTree = "<group>"; };
		B4CA3528223E9C7F005D094E /* GTranslateViewController.swift */ = {isa = PBXFileReference; lastKnownFileType = sourcecode.swift; path = GTranslateViewController.swift; sourceTree = "<group>"; };
		B4CA352A223E9C96005D094E /* ConversionViewController.swift */ = {isa = PBXFileReference; lastKnownFileType = sourcecode.swift; path = ConversionViewController.swift; sourceTree = "<group>"; };
		B4CA352C223E9CA8005D094E /* PasswordViewController.swift */ = {isa = PBXFileReference; lastKnownFileType = sourcecode.swift; path = PasswordViewController.swift; sourceTree = "<group>"; };
		B4CA352E223F3896005D094E /* EmergencyViewController.swift */ = {isa = PBXFileReference; lastKnownFileType = sourcecode.swift; path = EmergencyViewController.swift; sourceTree = "<group>"; };
		B4EE043D222472C3004724F5 /* DashboardCollectionViewCell.swift */ = {isa = PBXFileReference; lastKnownFileType = sourcecode.swift; path = DashboardCollectionViewCell.swift; sourceTree = "<group>"; };
		B4EE043F222480DC004724F5 /* PackageTableViewCell.swift */ = {isa = PBXFileReference; lastKnownFileType = sourcecode.swift; path = PackageTableViewCell.swift; sourceTree = "<group>"; };
		B4EE04412225BE2F004724F5 /* MainViewController.swift */ = {isa = PBXFileReference; lastKnownFileType = sourcecode.swift; path = MainViewController.swift; sourceTree = "<group>"; };
		B4EE04432228CAAB004724F5 /* MenuViewController.swift */ = {isa = PBXFileReference; lastKnownFileType = sourcecode.swift; path = MenuViewController.swift; sourceTree = "<group>"; };
		B4EE0445222A1958004724F5 /* DrawerMenuCellItem.swift */ = {isa = PBXFileReference; lastKnownFileType = sourcecode.swift; path = DrawerMenuCellItem.swift; sourceTree = "<group>"; };
		B4EE0447222B07EA004724F5 /* PackageDetailController.swift */ = {isa = PBXFileReference; lastKnownFileType = sourcecode.swift; path = PackageDetailController.swift; sourceTree = "<group>"; };
		E4474B48A6F70FD95CAB39AC /* Pods_RNTravels.framework */ = {isa = PBXFileReference; explicitFileType = wrapper.framework; includeInIndex = 0; path = Pods_RNTravels.framework; sourceTree = BUILT_PRODUCTS_DIR; };
/* End PBXFileReference section */

/* Begin PBXFrameworksBuildPhase section */
		B46C5F75221DBE22001B3163 /* Frameworks */ = {
			isa = PBXFrameworksBuildPhase;
			buildActionMask = 2147483647;
			files = (
				4BFF32B282ABE1EEFE1FB4F2 /* Pods_RNTravels.framework in Frameworks */,
			);
			runOnlyForDeploymentPostprocessing = 0;
		};
/* End PBXFrameworksBuildPhase section */

/* Begin PBXGroup section */
		1E94A8297655D06C54B36980 /* Frameworks */ = {
			isa = PBXGroup;
			children = (
				E4474B48A6F70FD95CAB39AC /* Pods_RNTravels.framework */,
			);
			name = Frameworks;
			sourceTree = "<group>";
		};
		3E00FF604567FFC828E81B2D /* Pods */ = {
			isa = PBXGroup;
			children = (
				59977987FC2DFE5C84451487 /* Pods-RNTravels.debug.xcconfig */,
				038F19A635CE9A506C1ABC84 /* Pods-RNTravels.release.xcconfig */,
			);
			path = Pods;
			sourceTree = "<group>";
		};
		B46C5F6F221DBE22001B3163 = {
			isa = PBXGroup;
			children = (
				B46C5F7A221DBE22001B3163 /* RNTravels */,
				B46C5F79221DBE22001B3163 /* Products */,
				3E00FF604567FFC828E81B2D /* Pods */,
				1E94A8297655D06C54B36980 /* Frameworks */,
			);
			sourceTree = "<group>";
		};
		B46C5F79221DBE22001B3163 /* Products */ = {
			isa = PBXGroup;
			children = (
				B46C5F78221DBE22001B3163 /* RNTravels.app */,
			);
			name = Products;
			sourceTree = "<group>";
		};
		B46C5F7A221DBE22001B3163 /* RNTravels */ = {
			isa = PBXGroup;
			children = (
				B46C5F93221DBE96001B3163 /* application */,
				B46C5F92221DBE88001B3163 /* network */,
				B46C5F91221DBE7F001B3163 /* models */,
				B46C5F90221DBE6E001B3163 /* controllers */,
				B46C5F7F221DBE22001B3163 /* Main.storyboard */,
				B46C5F85221DBE22001B3163 /* Assets.xcassets */,
				B46C5F87221DBE22001B3163 /* LaunchScreen.storyboard */,
				B46C5F8A221DBE22001B3163 /* Info.plist */,
				B46C5F82221DBE22001B3163 /* RNTravels.xcdatamodeld */,
			);
			path = RNTravels;
			sourceTree = "<group>";
		};
		B46C5F90221DBE6E001B3163 /* controllers */ = {
			isa = PBXGroup;
			children = (
				B4EE043D222472C3004724F5 /* DashboardCollectionViewCell.swift */,
				B46C5F94221DBEBA001B3163 /* BaseViewController.swift */,
				B46C5F96221DBEFB001B3163 /* LoginViewController.swift */,
				B46C5F9A221E3E81001B3163 /* DashboardViewController.swift */,
				B46C5F9C221F10F0001B3163 /* SignUpViewController.swift */,
				B4EE043F222480DC004724F5 /* PackageTableViewCell.swift */,
				B4EE04412225BE2F004724F5 /* MainViewController.swift */,
				B4EE04432228CAAB004724F5 /* MenuViewController.swift */,
				B4EE0445222A1958004724F5 /* DrawerMenuCellItem.swift */,
				B4EE0447222B07EA004724F5 /* PackageDetailController.swift */,
				B4380B5F222BF5550005B789 /* RNImageLabelView.swift */,
				B4CA3522223E8594005D094E /* NotificationViewController.swift */,
				B4CA3524223E9AAF005D094E /* ProfileViewController.swift */,
				B4CA3526223E9B34005D094E /* ContactInfoViewController.swift */,
				B4CA3528223E9C7F005D094E /* GTranslateViewController.swift */,
				B4CA352A223E9C96005D094E /* ConversionViewController.swift */,
				B4CA352C223E9CA8005D094E /* PasswordViewController.swift */,
				B4CA352E223F3896005D094E /* EmergencyViewController.swift */,
				B49F9DC922415FE700BF8804 /* MViewController.swift */,
			);
			name = controllers;
			sourceTree = "<group>";
		};
		B46C5F91221DBE7F001B3163 /* models */ = {
			isa = PBXGroup;
			children = (
				B4380B66222C57770005B789 /* UserProfileVO.swift */,
			);
			name = models;
			sourceTree = "<group>";
		};
		B46C5F92221DBE88001B3163 /* network */ = {
			isa = PBXGroup;
			children = (
				B46C5F9F221F798C001B3163 /* NetworkContants.swift */,
			);
			name = network;
			sourceTree = "<group>";
		};
		B46C5F93221DBE96001B3163 /* application */ = {
			isa = PBXGroup;
			children = (
				B46C5F7B221DBE22001B3163 /* AppDelegate.swift */,
			);
			name = application;
			sourceTree = "<group>";
		};
/* End PBXGroup section */

/* Begin PBXNativeTarget section */
		B46C5F77221DBE22001B3163 /* RNTravels */ = {
			isa = PBXNativeTarget;
			buildConfigurationList = B46C5F8D221DBE22001B3163 /* Build configuration list for PBXNativeTarget "RNTravels" */;
			buildPhases = (
				9E6D75381F99E595E0F7D0F2 /* [CP] Check Pods Manifest.lock */,
				B46C5F74221DBE22001B3163 /* Sources */,
				B46C5F75221DBE22001B3163 /* Frameworks */,
				B46C5F76221DBE22001B3163 /* Resources */,
				8413A8BC2EBED617E7EA56DD /* [CP] Embed Pods Frameworks */,
			);
			buildRules = (
			);
			dependencies = (
			);
			name = RNTravels;
			productName = RNTravels;
			productReference = B46C5F78221DBE22001B3163 /* RNTravels.app */;
			productType = "com.apple.product-type.application";
		};
/* End PBXNativeTarget section */

/* Begin PBXProject section */
		B46C5F70221DBE22001B3163 /* Project object */ = {
			isa = PBXProject;
			attributes = {
				LastSwiftUpdateCheck = 0830;
				LastUpgradeCheck = 0830;
				ORGANIZATIONNAME = PACTS;
				TargetAttributes = {
					B46C5F77221DBE22001B3163 = {
						CreatedOnToolsVersion = 8.3.2;
						ProvisioningStyle = Automatic;
					};
				};
			};
			buildConfigurationList = B46C5F73221DBE22001B3163 /* Build configuration list for PBXProject "RNTravels" */;
			compatibilityVersion = "Xcode 3.2";
			developmentRegion = English;
			hasScannedForEncodings = 0;
			knownRegions = (
				en,
				Base,
			);
			mainGroup = B46C5F6F221DBE22001B3163;
			productRefGroup = B46C5F79221DBE22001B3163 /* Products */;
			projectDirPath = "";
			projectRoot = "";
			targets = (
				B46C5F77221DBE22001B3163 /* RNTravels */,
			);
		};
/* End PBXProject section */

/* Begin PBXResourcesBuildPhase section */
		B46C5F76221DBE22001B3163 /* Resources */ = {
			isa = PBXResourcesBuildPhase;
			buildActionMask = 2147483647;
			files = (
				B46C5F89221DBE22001B3163 /* LaunchScreen.storyboard in Resources */,
				B46C5F86221DBE22001B3163 /* Assets.xcassets in Resources */,
				B46C5F81221DBE22001B3163 /* Main.storyboard in Resources */,
			);
			runOnlyForDeploymentPostprocessing = 0;
		};
/* End PBXResourcesBuildPhase section */

/* Begin PBXShellScriptBuildPhase section */
		8413A8BC2EBED617E7EA56DD /* [CP] Embed Pods Frameworks */ = {
			isa = PBXShellScriptBuildPhase;
			buildActionMask = 2147483647;
			files = (
			);
			inputPaths = (
				"${PODS_ROOT}/Target Support Files/Pods-RNTravels/Pods-RNTravels-frameworks.sh",
				"${BUILT_PRODUCTS_DIR}/Bolts/Bolts.framework",
				"${BUILT_PRODUCTS_DIR}/FBSDKCoreKit/FBSDKCoreKit.framework",
				"${BUILT_PRODUCTS_DIR}/FBSDKLoginKit/FBSDKLoginKit.framework",
				"${BUILT_PRODUCTS_DIR}/FBSDKShareKit/FBSDKShareKit.framework",
			);
			name = "[CP] Embed Pods Frameworks";
			outputPaths = (
				"${TARGET_BUILD_DIR}/${FRAMEWORKS_FOLDER_PATH}/Bolts.framework",
				"${TARGET_BUILD_DIR}/${FRAMEWORKS_FOLDER_PATH}/FBSDKCoreKit.framework",
				"${TARGET_BUILD_DIR}/${FRAMEWORKS_FOLDER_PATH}/FBSDKLoginKit.framework",
				"${TARGET_BUILD_DIR}/${FRAMEWORKS_FOLDER_PATH}/FBSDKShareKit.framework",
			);
			runOnlyForDeploymentPostprocessing = 0;
			shellPath = /bin/sh;
			shellScript = "\"${PODS_ROOT}/Target Support Files/Pods-RNTravels/Pods-RNTravels-frameworks.sh\"\n";
			showEnvVarsInLog = 0;
		};
		9E6D75381F99E595E0F7D0F2 /* [CP] Check Pods Manifest.lock */ = {
			isa = PBXShellScriptBuildPhase;
			buildActionMask = 2147483647;
			files = (
			);
			inputPaths = (
				"${PODS_PODFILE_DIR_PATH}/Podfile.lock",
				"${PODS_ROOT}/Manifest.lock",
			);
			name = "[CP] Check Pods Manifest.lock";
			outputPaths = (
				"$(DERIVED_FILE_DIR)/Pods-RNTravels-checkManifestLockResult.txt",
			);
			runOnlyForDeploymentPostprocessing = 0;
			shellPath = /bin/sh;
			shellScript = "diff \"${PODS_PODFILE_DIR_PATH}/Podfile.lock\" \"${PODS_ROOT}/Manifest.lock\" > /dev/null\nif [ $? != 0 ] ; then\n    # print error to STDERR\n    echo \"error: The sandbox is not in sync with the Podfile.lock. Run 'pod install' or update your CocoaPods installation.\" >&2\n    exit 1\nfi\n# This output is used by Xcode 'outputs' to avoid re-running this script phase.\necho \"SUCCESS\" > \"${SCRIPT_OUTPUT_FILE_0}\"\n";
			showEnvVarsInLog = 0;
		};
/* End PBXShellScriptBuildPhase section */

/* Begin PBXSourcesBuildPhase section */
		B46C5F74221DBE22001B3163 /* Sources */ = {
			isa = PBXSourcesBuildPhase;
			buildActionMask = 2147483647;
			files = (
				B49F9DCA22415FE700BF8804 /* MViewController.swift in Sources */,
				B4EE04422225BE2F004724F5 /* MainViewController.swift in Sources */,
				B4EE0448222B07EA004724F5 /* PackageDetailController.swift in Sources */,
				B4CA3523223E8594005D094E /* NotificationViewController.swift in Sources */,
				B46C5F9D221F10F0001B3163 /* SignUpViewController.swift in Sources */,
				B4EE0440222480DC004724F5 /* PackageTableViewCell.swift in Sources */,
				B4EE043E222472C3004724F5 /* DashboardCollectionViewCell.swift in Sources */,
				B4CA352B223E9C96005D094E /* ConversionViewController.swift in Sources */,
				B4380B67222C57770005B789 /* UserProfileVO.swift in Sources */,
				B4CA3525223E9AAF005D094E /* ProfileViewController.swift in Sources */,
				B46C5F84221DBE22001B3163 /* RNTravels.xcdatamodeld in Sources */,
				B4CA352F223F3896005D094E /* EmergencyViewController.swift in Sources */,
				B46C5F95221DBEBA001B3163 /* BaseViewController.swift in Sources */,
				B46C5F9B221E3E81001B3163 /* DashboardViewController.swift in Sources */,
				B4EE04442228CAAB004724F5 /* MenuViewController.swift in Sources */,
				B4EE0446222A1958004724F5 /* DrawerMenuCellItem.swift in Sources */,
				B46C5F97221DBEFB001B3163 /* LoginViewController.swift in Sources */,
				B4CA3529223E9C7F005D094E /* GTranslateViewController.swift in Sources */,
				B46C5F7C221DBE22001B3163 /* AppDelegate.swift in Sources */,
				B4CA352D223E9CA8005D094E /* PasswordViewController.swift in Sources */,
				B46C5FA0221F798C001B3163 /* NetworkContants.swift in Sources */,
				B4380B60222BF5550005B789 /* RNImageLabelView.swift in Sources */,
				B4CA3527223E9B34005D094E /* ContactInfoViewController.swift in Sources */,
			);
			runOnlyForDeploymentPostprocessing = 0;
		};
/* End PBXSourcesBuildPhase section */

/* Begin PBXVariantGroup section */
		B46C5F7F221DBE22001B3163 /* Main.storyboard */ = {
			isa = PBXVariantGroup;
			children = (
				B46C5F80221DBE22001B3163 /* Base */,
			);
			name = Main.storyboard;
			sourceTree = "<group>";
		};
		B46C5F87221DBE22001B3163 /* LaunchScreen.storyboard */ = {
			isa = PBXVariantGroup;
			children = (
				B46C5F88221DBE22001B3163 /* Base */,
			);
			name = LaunchScreen.storyboard;
			sourceTree = "<group>";
		};
/* End PBXVariantGroup section */

/* Begin XCBuildConfiguration section */
		B46C5F8B221DBE22001B3163 /* Debug */ = {
			isa = XCBuildConfiguration;
			buildSettings = {
				ALWAYS_SEARCH_USER_PATHS = NO;
				CLANG_ANALYZER_NONNULL = YES;
				CLANG_ANALYZER_NUMBER_OBJECT_CONVERSION = YES_AGGRESSIVE;
				CLANG_CXX_LANGUAGE_STANDARD = "gnu++0x";
				CLANG_CXX_LIBRARY = "libc++";
				CLANG_ENABLE_MODULES = YES;
				CLANG_ENABLE_OBJC_ARC = YES;
				CLANG_WARN_BOOL_CONVERSION = YES;
				CLANG_WARN_CONSTANT_CONVERSION = YES;
				CLANG_WARN_DIRECT_OBJC_ISA_USAGE = YES_ERROR;
				CLANG_WARN_DOCUMENTATION_COMMENTS = YES;
				CLANG_WARN_EMPTY_BODY = YES;
				CLANG_WARN_ENUM_CONVERSION = YES;
				CLANG_WARN_INFINITE_RECURSION = YES;
				CLANG_WARN_INT_CONVERSION = YES;
				CLANG_WARN_OBJC_ROOT_CLASS = YES_ERROR;
				CLANG_WARN_SUSPICIOUS_MOVE = YES;
				CLANG_WARN_UNREACHABLE_CODE = YES;
				CLANG_WARN__DUPLICATE_METHOD_MATCH = YES;
				"CODE_SIGN_IDENTITY[sdk=iphoneos*]" = "iPhone Developer";
				COPY_PHASE_STRIP = NO;
				DEBUG_INFORMATION_FORMAT = dwarf;
				ENABLE_STRICT_OBJC_MSGSEND = YES;
				ENABLE_TESTABILITY = YES;
				GCC_C_LANGUAGE_STANDARD = gnu99;
				GCC_DYNAMIC_NO_PIC = NO;
				GCC_NO_COMMON_BLOCKS = YES;
				GCC_OPTIMIZATION_LEVEL = 0;
				GCC_PREPROCESSOR_DEFINITIONS = (
					"DEBUG=1",
					"$(inherited)",
				);
				GCC_WARN_64_TO_32_BIT_CONVERSION = YES;
				GCC_WARN_ABOUT_RETURN_TYPE = YES_ERROR;
				GCC_WARN_UNDECLARED_SELECTOR = YES;
				GCC_WARN_UNINITIALIZED_AUTOS = YES_AGGRESSIVE;
				GCC_WARN_UNUSED_FUNCTION = YES;
				GCC_WARN_UNUSED_VARIABLE = YES;
				IPHONEOS_DEPLOYMENT_TARGET = 10.3;
				MTL_ENABLE_DEBUG_INFO = YES;
				ONLY_ACTIVE_ARCH = YES;
				SDKROOT = iphoneos;
				SWIFT_ACTIVE_COMPILATION_CONDITIONS = DEBUG;
				SWIFT_OPTIMIZATION_LEVEL = "-Onone";
				TARGETED_DEVICE_FAMILY = "1,2";
			};
			name = Debug;
		};
		B46C5F8C221DBE22001B3163 /* Release */ = {
			isa = XCBuildConfiguration;
			buildSettings = {
				ALWAYS_SEARCH_USER_PATHS = NO;
				CLANG_ANALYZER_NONNULL = YES;
				CLANG_ANALYZER_NUMBER_OBJECT_CONVERSION = YES_AGGRESSIVE;
				CLANG_CXX_LANGUAGE_STANDARD = "gnu++0x";
				CLANG_CXX_LIBRARY = "libc++";
				CLANG_ENABLE_MODULES = YES;
				CLANG_ENABLE_OBJC_ARC = YES;
				CLANG_WARN_BOOL_CONVERSION = YES;
				CLANG_WARN_CONSTANT_CONVERSION = YES;
				CLANG_WARN_DIRECT_OBJC_ISA_USAGE = YES_ERROR;
				CLANG_WARN_DOCUMENTATION_COMMENTS = YES;
				CLANG_WARN_EMPTY_BODY = YES;
				CLANG_WARN_ENUM_CONVERSION = YES;
				CLANG_WARN_INFINITE_RECURSION = YES;
				CLANG_WARN_INT_CONVERSION = YES;
				CLANG_WARN_OBJC_ROOT_CLASS = YES_ERROR;
				CLANG_WARN_SUSPICIOUS_MOVE = YES;
				CLANG_WARN_UNREACHABLE_CODE = YES;
				CLANG_WARN__DUPLICATE_METHOD_MATCH = YES;
				"CODE_SIGN_IDENTITY[sdk=iphoneos*]" = "iPhone Developer";
				COPY_PHASE_STRIP = NO;
				DEBUG_INFORMATION_FORMAT = "dwarf-with-dsym";
				ENABLE_NS_ASSERTIONS = NO;
				ENABLE_STRICT_OBJC_MSGSEND = YES;
				GCC_C_LANGUAGE_STANDARD = gnu99;
				GCC_NO_COMMON_BLOCKS = YES;
				GCC_WARN_64_TO_32_BIT_CONVERSION = YES;
				GCC_WARN_ABOUT_RETURN_TYPE = YES_ERROR;
				GCC_WARN_UNDECLARED_SELECTOR = YES;
				GCC_WARN_UNINITIALIZED_AUTOS = YES_AGGRESSIVE;
				GCC_WARN_UNUSED_FUNCTION = YES;
				GCC_WARN_UNUSED_VARIABLE = YES;
				IPHONEOS_DEPLOYMENT_TARGET = 10.3;
				MTL_ENABLE_DEBUG_INFO = NO;
				SDKROOT = iphoneos;
				SWIFT_OPTIMIZATION_LEVEL = "-Owholemodule";
				TARGETED_DEVICE_FAMILY = "1,2";
				VALIDATE_PRODUCT = YES;
			};
			name = Release;
		};
		B46C5F8E221DBE22001B3163 /* Debug */ = {
			isa = XCBuildConfiguration;
			baseConfigurationReference = 59977987FC2DFE5C84451487 /* Pods-RNTravels.debug.xcconfig */;
			buildSettings = {
				ASSETCATALOG_COMPILER_APPICON_NAME = AppIcon;
				INFOPLIST_FILE = RNTravels/Info.plist;
				LD_RUNPATH_SEARCH_PATHS = "$(inherited) @executable_path/Frameworks";
				PRODUCT_BUNDLE_IDENTIFIER = com.pacts.RNTravels;
				PRODUCT_NAME = "$(TARGET_NAME)";
				SWIFT_VERSION = 4.0;
			};
			name = Debug;
		};
		B46C5F8F221DBE22001B3163 /* Release */ = {
			isa = XCBuildConfiguration;
			baseConfigurationReference = 038F19A635CE9A506C1ABC84 /* Pods-RNTravels.release.xcconfig */;
			buildSettings = {
				ASSETCATALOG_COMPILER_APPICON_NAME = AppIcon;
				INFOPLIST_FILE = RNTravels/Info.plist;
				LD_RUNPATH_SEARCH_PATHS = "$(inherited) @executable_path/Frameworks";
				PRODUCT_BUNDLE_IDENTIFIER = com.pacts.RNTravels;
				PRODUCT_NAME = "$(TARGET_NAME)";
				SWIFT_VERSION = 4.0;
			};
			name = Release;
		};
/* End XCBuildConfiguration section */

/* Begin XCConfigurationList section */
		B46C5F73221DBE22001B3163 /* Build configuration list for PBXProject "RNTravels" */ = {
			isa = XCConfigurationList;
			buildConfigurations = (
				B46C5F8B221DBE22001B3163 /* Debug */,
				B46C5F8C221DBE22001B3163 /* Release */,
			);
			defaultConfigurationIsVisible = 0;
			defaultConfigurationName = Release;
		};
		B46C5F8D221DBE22001B3163 /* Build configuration list for PBXNativeTarget "RNTravels" */ = {
			isa = XCConfigurationList;
			buildConfigurations = (
				B46C5F8E221DBE22001B3163 /* Debug */,
				B46C5F8F221DBE22001B3163 /* Release */,
			);
			defaultConfigurationIsVisible = 0;
			defaultConfigurationName = Release;
		};
/* End XCConfigurationList section */

/* Begin XCVersionGroup section */
		B46C5F82221DBE22001B3163 /* RNTravels.xcdatamodeld */ = {
			isa = XCVersionGroup;
			children = (
				B46C5F83221DBE22001B3163 /* RNTravels.xcdatamodel */,
			);
			currentVersion = B46C5F83221DBE22001B3163 /* RNTravels.xcdatamodel */;
			path = RNTravels.xcdatamodeld;
			sourceTree = "<group>";
			versionGroupType = wrapper.xcdatamodel;
		};
/* End XCVersionGroup section */
	};
	rootObject = B46C5F70221DBE22001B3163 /* Project object */;
}
